
Microsoft Visual Studio Solution File, Format Version 12.00
# Visual Studio Version 16
VisualStudioVersion = 16.0.32002.261
MinimumVisualStudioVersion = 10.0.40219.1
Project("{9A19103F-16F7-4668-BE54-9A1E7A4F7556}") = "TestDirectory", "TestDirectory\TestDirectory.csproj", "{B30F279C-5298-45BB-998C-DA3D8C8B3074}"
EndProject
Project("{FAE04EC0-301F-11D3-BF4B-00C04F79EFBC}") = "LibraryAutomaticCars", "LibraryAutomaticCars\LibraryAutomaticCars.csproj", "{968830DE-C6C1-4308-BBB7-4C95D49FFCAD}"
EndProject
Global
	GlobalSection(SolutionConfigurationPlatforms) = preSolution
		Debug|Any CPU = Debug|Any CPU
		Release|Any CPU = Release|Any CPU
	EndGlobalSection
	GlobalSection(ProjectConfigurationPlatforms) = postSolution
		{B30F279C-5298-45BB-998C-DA3D8C8B3074}.Debug|Any CPU.ActiveCfg = Debug|Any CPU
		{B30F279C-5298-45BB-998C-DA3D8C8B3074}.Debug|Any CPU.Build.0 = Debug|Any CPU
		{B30F279C-5298-45BB-998C-DA3D8C8B3074}.Release|Any CPU.ActiveCfg = Release|Any CPU
		{B30F279C-5298-45BB-998C-DA3D8C8B3074}.Release|Any CPU.Build.0 = Release|Any CPU
		{968830DE-C6C1-4308-BBB7-4C95D49FFCAD}.Debug|Any CPU.ActiveCfg = Debug|Any CPU
		{968830DE-C6C1-4308-BBB7-4C95D49FFCAD}.Debug|Any CPU.Build.0 = Debug|Any CPU
		{968830DE-C6C1-4308-BBB7-4C95D49FFCAD}.Release|Any CPU.ActiveCfg = Release|Any CPU
		{968830DE-C6C1-4308-BBB7-4C95D49FFCAD}.Release|Any CPU.Build.0 = Release|Any CPU
	EndGlobalSection
	GlobalSection(SolutionProperties) = preSolution
		HideSolutionNode = FALSE
	EndGlobalSection
	GlobalSection(ExtensibilityGlobals) = postSolution
		SolutionGuid = {F662EAD4-D006-4DC0-8C48-3AE52AAA7DF5}
	EndGlobalSection
EndGlobal
